
Microsoft Visual Studio Solution File, Format Version 12.00
# Visual Studio Version 17
VisualStudioVersion = 17.5.002.0
MinimumVisualStudioVersion = 10.0.40219.1
Project("{2150E333-8FDC-42A3-9474-1A3956D46DE8}") = "mslearn-ai-services", "mslearn-ai-services", "{33C3643E-B717-4ECA-88AC-F58D2A615A18}"
EndProject
Project("{2150E333-8FDC-42A3-9474-1A3956D46DE8}") = "Labfiles", "Labfiles", "{585DE5F0-1230-4379-8966-9670CD874F13}"
EndProject
Project("{2150E333-8FDC-42A3-9474-1A3956D46DE8}") = "01-use-azure-ai-services", "01-use-azure-ai-services", "{59B5CFCE-8BF0-41E9-B3D6-B6CE6F9CCE67}"
EndProject
Project("{2150E333-8FDC-42A3-9474-1A3956D46DE8}") = "C-Sharp", "C-Sharp", "{C49F668A-0067-40EA-98FC-2A7CD38B14FF}"
EndProject
Project("{9A19103F-16F7-4668-BE54-9A1E7A4F7556}") = "rest_client", "mslearn-ai-services\Labfiles\01-use-azure-ai-services\C-Sharp\rest-client\rest_client.csproj", "{2EF29461-3C7C-4404-BFE4-E9BA103CFA24}"
EndProject
Project("{9A19103F-16F7-4668-BE54-9A1E7A4F7556}") = "sdk-client", "mslearn-ai-services\Labfiles\01-use-azure-ai-services\C-Sharp\sdk-client\sdk-client.csproj", "{D6E06560-774F-4732-9C7F-8866BEA43188}"
EndProject
Project("{2150E333-8FDC-42A3-9474-1A3956D46DE8}") = "02-ai-services-security", "02-ai-services-security", "{766F74E7-3D5A-429B-B945-92B34A88E022}"
EndProject
Project("{2150E333-8FDC-42A3-9474-1A3956D46DE8}") = "C-Sharp", "C-Sharp", "{F5300C13-2989-4F2B-9B5A-CECF71F4F13E}"
EndProject
Project("{9A19103F-16F7-4668-BE54-9A1E7A4F7556}") = "keyvault_client", "mslearn-ai-services\Labfiles\02-ai-services-security\C-Sharp\keyvault_client\keyvault_client.csproj", "{9236AEAC-A47F-462F-BD5B-6F7D1541D3FA}"
EndProject
Project("{2150E333-8FDC-42A3-9474-1A3956D46DE8}") = "mslearn-ai-vision", "mslearn-ai-vision", "{7CA3A79A-B11E-43F7-80E5-508187906E6F}"
EndProject
Project("{2150E333-8FDC-42A3-9474-1A3956D46DE8}") = "Labfiles", "Labfiles", "{4AFF5615-864F-4DFF-8EDA-EFE722FE338D}"
EndProject
Project("{2150E333-8FDC-42A3-9474-1A3956D46DE8}") = "01-analyze-images", "01-analyze-images", "{EA5CA4EF-E983-4B40-B006-48B355FE7140}"
EndProject
Project("{2150E333-8FDC-42A3-9474-1A3956D46DE8}") = "C-Sharp", "C-Sharp", "{05BF54B1-B5A0-4D8D-BE95-10139204677E}"
EndProject
Project("{9A19103F-16F7-4668-BE54-9A1E7A4F7556}") = "image-analysis", "mslearn-ai-vision\Labfiles\01-analyze-images\C-Sharp\image-analysis\image-analysis.csproj", "{54BC0230-5192-402E-8EFF-BEAB79198F59}"
EndProject
Project("{2150E333-8FDC-42A3-9474-1A3956D46DE8}") = "03-object-detection", "03-object-detection", "{09AFE056-822C-482F-BAC6-51F549459D7B}"
EndProject
Project("{2150E333-8FDC-42A3-9474-1A3956D46DE8}") = "C-Sharp", "C-Sharp", "{6A511CC8-51A8-4202-9E4B-913368B10CDD}"
EndProject
Project("{9A19103F-16F7-4668-BE54-9A1E7A4F7556}") = "test-detector", "mslearn-ai-vision\Labfiles\03-object-detection\C-Sharp\test-detector\test-detector.csproj", "{8A21C389-68D8-4039-AB03-673F7DAA63DB}"
EndProject
Project("{9A19103F-16F7-4668-BE54-9A1E7A4F7556}") = "train-detector", "mslearn-ai-vision\Labfiles\03-object-detection\C-Sharp\train-detector\train-detector.csproj", "{3A727A7B-2FEF-4A67-98D2-068402201902}"
EndProject
Project("{2150E333-8FDC-42A3-9474-1A3956D46DE8}") = "04-face", "04-face", "{EF46053F-5D40-4711-9ACB-45D3F1842ED0}"
EndProject
Project("{2150E333-8FDC-42A3-9474-1A3956D46DE8}") = "C-Sharp", "C-Sharp", "{825D0503-337A-4B47-8591-A06414CF921B}"
EndProject
Project("{9A19103F-16F7-4668-BE54-9A1E7A4F7556}") = "detect-people", "mslearn-ai-vision\Labfiles\04-face\C-Sharp\computer-vision\detect-people.csproj", "{6B9A9663-C7DA-4792-AB11-63437654F67C}"
EndProject
Project("{9A19103F-16F7-4668-BE54-9A1E7A4F7556}") = "analyze-faces", "mslearn-ai-vision\Labfiles\04-face\C-Sharp\face-api\analyze-faces.csproj", "{42F06A53-B72A-4A97-A3FE-872A9468ABA1}"
EndProject
Project("{2150E333-8FDC-42A3-9474-1A3956D46DE8}") = "05-ocr", "05-ocr", "{B1FBBB3A-4167-4C37-B016-AF076E6BF992}"
EndProject
Project("{2150E333-8FDC-42A3-9474-1A3956D46DE8}") = "C-Sharp", "C-Sharp", "{D4763B48-3DB7-41B3-8442-BE25005F5FE0}"
EndProject
Project("{9A19103F-16F7-4668-BE54-9A1E7A4F7556}") = "read-text", "mslearn-ai-vision\Labfiles\05-ocr\C-Sharp\read-text\read-text.csproj", "{2CC16706-E768-4AC0-8EE8-9A0655F522E9}"
EndProject
Project("{2150E333-8FDC-42A3-9474-1A3956D46DE8}") = "07-custom-vision-image-classification", "07-custom-vision-image-classification", "{69A0BC43-12E4-4B6A-A7CD-CCB6FFFE42B7}"
EndProject
Project("{2150E333-8FDC-42A3-9474-1A3956D46DE8}") = "C-Sharp", "C-Sharp", "{32FD5C56-32E9-4A55-975B-6CDB562CA0DC}"
EndProject
Project("{9A19103F-16F7-4668-BE54-9A1E7A4F7556}") = "test-classifier", "mslearn-ai-vision\Labfiles\07-custom-vision-image-classification\C-Sharp\test-classifier\test-classifier.csproj", "{66BEA0ED-E80A-40B8-A369-D28ADCA158A9}"
EndProject
Project("{9A19103F-16F7-4668-BE54-9A1E7A4F7556}") = "train-classifier", "mslearn-ai-vision\Labfiles\07-custom-vision-image-classification\C-Sharp\train-classifier\train-classifier.csproj", "{B562BB34-9305-470F-AAE7-857EED9C7AA6}"
EndProject
Global
	GlobalSection(SolutionConfigurationPlatforms) = preSolution
		Debug|Any CPU = Debug|Any CPU
		Release|Any CPU = Release|Any CPU
	EndGlobalSection
	GlobalSection(ProjectConfigurationPlatforms) = postSolution
		{2EF29461-3C7C-4404-BFE4-E9BA103CFA24}.Debug|Any CPU.ActiveCfg = Debug|Any CPU
		{2EF29461-3C7C-4404-BFE4-E9BA103CFA24}.Debug|Any CPU.Build.0 = Debug|Any CPU
		{2EF29461-3C7C-4404-BFE4-E9BA103CFA24}.Release|Any CPU.ActiveCfg = Release|Any CPU
		{2EF29461-3C7C-4404-BFE4-E9BA103CFA24}.Release|Any CPU.Build.0 = Release|Any CPU
		{D6E06560-774F-4732-9C7F-8866BEA43188}.Debug|Any CPU.ActiveCfg = Debug|Any CPU
		{D6E06560-774F-4732-9C7F-8866BEA43188}.Debug|Any CPU.Build.0 = Debug|Any CPU
		{D6E06560-774F-4732-9C7F-8866BEA43188}.Release|Any CPU.ActiveCfg = Release|Any CPU
		{D6E06560-774F-4732-9C7F-8866BEA43188}.Release|Any CPU.Build.0 = Release|Any CPU
		{9236AEAC-A47F-462F-BD5B-6F7D1541D3FA}.Debug|Any CPU.ActiveCfg = Debug|Any CPU
		{9236AEAC-A47F-462F-BD5B-6F7D1541D3FA}.Debug|Any CPU.Build.0 = Debug|Any CPU
		{9236AEAC-A47F-462F-BD5B-6F7D1541D3FA}.Release|Any CPU.ActiveCfg = Release|Any CPU
		{9236AEAC-A47F-462F-BD5B-6F7D1541D3FA}.Release|Any CPU.Build.0 = Release|Any CPU
		{54BC0230-5192-402E-8EFF-BEAB79198F59}.Debug|Any CPU.ActiveCfg = Debug|Any CPU
		{54BC0230-5192-402E-8EFF-BEAB79198F59}.Debug|Any CPU.Build.0 = Debug|Any CPU
		{54BC0230-5192-402E-8EFF-BEAB79198F59}.Release|Any CPU.ActiveCfg = Release|Any CPU
		{54BC0230-5192-402E-8EFF-BEAB79198F59}.Release|Any CPU.Build.0 = Release|Any CPU
		{8A21C389-68D8-4039-AB03-673F7DAA63DB}.Debug|Any CPU.ActiveCfg = Debug|Any CPU
		{8A21C389-68D8-4039-AB03-673F7DAA63DB}.Debug|Any CPU.Build.0 = Debug|Any CPU
		{8A21C389-68D8-4039-AB03-673F7DAA63DB}.Release|Any CPU.ActiveCfg = Release|Any CPU
		{8A21C389-68D8-4039-AB03-673F7DAA63DB}.Release|Any CPU.Build.0 = Release|Any CPU
		{3A727A7B-2FEF-4A67-98D2-068402201902}.Debug|Any CPU.ActiveCfg = Debug|Any CPU
		{3A727A7B-2FEF-4A67-98D2-068402201902}.Debug|Any CPU.Build.0 = Debug|Any CPU
		{3A727A7B-2FEF-4A67-98D2-068402201902}.Release|Any CPU.ActiveCfg = Release|Any CPU
		{3A727A7B-2FEF-4A67-98D2-068402201902}.Release|Any CPU.Build.0 = Release|Any CPU
		{6B9A9663-C7DA-4792-AB11-63437654F67C}.Debug|Any CPU.ActiveCfg = Debug|Any CPU
		{6B9A9663-C7DA-4792-AB11-63437654F67C}.Debug|Any CPU.Build.0 = Debug|Any CPU
		{6B9A9663-C7DA-4792-AB11-63437654F67C}.Release|Any CPU.ActiveCfg = Release|Any CPU
		{6B9A9663-C7DA-4792-AB11-63437654F67C}.Release|Any CPU.Build.0 = Release|Any CPU
		{42F06A53-B72A-4A97-A3FE-872A9468ABA1}.Debug|Any CPU.ActiveCfg = Debug|Any CPU
		{42F06A53-B72A-4A97-A3FE-872A9468ABA1}.Debug|Any CPU.Build.0 = Debug|Any CPU
		{42F06A53-B72A-4A97-A3FE-872A9468ABA1}.Release|Any CPU.ActiveCfg = Release|Any CPU
		{42F06A53-B72A-4A97-A3FE-872A9468ABA1}.Release|Any CPU.Build.0 = Release|Any CPU
		{2CC16706-E768-4AC0-8EE8-9A0655F522E9}.Debug|Any CPU.ActiveCfg = Debug|Any CPU
		{2CC16706-E768-4AC0-8EE8-9A0655F522E9}.Debug|Any CPU.Build.0 = Debug|Any CPU
		{2CC16706-E768-4AC0-8EE8-9A0655F522E9}.Release|Any CPU.ActiveCfg = Release|Any CPU
		{2CC16706-E768-4AC0-8EE8-9A0655F522E9}.Release|Any CPU.Build.0 = Release|Any CPU
		{66BEA0ED-E80A-40B8-A369-D28ADCA158A9}.Debug|Any CPU.ActiveCfg = Debug|Any CPU
		{66BEA0ED-E80A-40B8-A369-D28ADCA158A9}.Debug|Any CPU.Build.0 = Debug|Any CPU
		{66BEA0ED-E80A-40B8-A369-D28ADCA158A9}.Release|Any CPU.ActiveCfg = Release|Any CPU
		{66BEA0ED-E80A-40B8-A369-D28ADCA158A9}.Release|Any CPU.Build.0 = Release|Any CPU
		{B562BB34-9305-470F-AAE7-857EED9C7AA6}.Debug|Any CPU.ActiveCfg = Debug|Any CPU
		{B562BB34-9305-470F-AAE7-857EED9C7AA6}.Debug|Any CPU.Build.0 = Debug|Any CPU
		{B562BB34-9305-470F-AAE7-857EED9C7AA6}.Release|Any CPU.ActiveCfg = Release|Any CPU
		{B562BB34-9305-470F-AAE7-857EED9C7AA6}.Release|Any CPU.Build.0 = Release|Any CPU
	EndGlobalSection
	GlobalSection(SolutionProperties) = preSolution
		HideSolutionNode = FALSE
	EndGlobalSection
	GlobalSection(NestedProjects) = preSolution
		{585DE5F0-1230-4379-8966-9670CD874F13} = {33C3643E-B717-4ECA-88AC-F58D2A615A18}
		{59B5CFCE-8BF0-41E9-B3D6-B6CE6F9CCE67} = {585DE5F0-1230-4379-8966-9670CD874F13}
		{C49F668A-0067-40EA-98FC-2A7CD38B14FF} = {59B5CFCE-8BF0-41E9-B3D6-B6CE6F9CCE67}
		{2EF29461-3C7C-4404-BFE4-E9BA103CFA24} = {C49F668A-0067-40EA-98FC-2A7CD38B14FF}
		{D6E06560-774F-4732-9C7F-8866BEA43188} = {C49F668A-0067-40EA-98FC-2A7CD38B14FF}
		{766F74E7-3D5A-429B-B945-92B34A88E022} = {585DE5F0-1230-4379-8966-9670CD874F13}
		{F5300C13-2989-4F2B-9B5A-CECF71F4F13E} = {766F74E7-3D5A-429B-B945-92B34A88E022}
		{9236AEAC-A47F-462F-BD5B-6F7D1541D3FA} = {F5300C13-2989-4F2B-9B5A-CECF71F4F13E}
		{4AFF5615-864F-4DFF-8EDA-EFE722FE338D} = {7CA3A79A-B11E-43F7-80E5-508187906E6F}
		{EA5CA4EF-E983-4B40-B006-48B355FE7140} = {4AFF5615-864F-4DFF-8EDA-EFE722FE338D}
		{05BF54B1-B5A0-4D8D-BE95-10139204677E} = {EA5CA4EF-E983-4B40-B006-48B355FE7140}
		{54BC0230-5192-402E-8EFF-BEAB79198F59} = {05BF54B1-B5A0-4D8D-BE95-10139204677E}
		{09AFE056-822C-482F-BAC6-51F549459D7B} = {4AFF5615-864F-4DFF-8EDA-EFE722FE338D}
		{6A511CC8-51A8-4202-9E4B-913368B10CDD} = {09AFE056-822C-482F-BAC6-51F549459D7B}
		{8A21C389-68D8-4039-AB03-673F7DAA63DB} = {6A511CC8-51A8-4202-9E4B-913368B10CDD}
		{3A727A7B-2FEF-4A67-98D2-068402201902} = {6A511CC8-51A8-4202-9E4B-913368B10CDD}
		{EF46053F-5D40-4711-9ACB-45D3F1842ED0} = {4AFF5615-864F-4DFF-8EDA-EFE722FE338D}
		{825D0503-337A-4B47-8591-A06414CF921B} = {EF46053F-5D40-4711-9ACB-45D3F1842ED0}
		{6B9A9663-C7DA-4792-AB11-63437654F67C} = {825D0503-337A-4B47-8591-A06414CF921B}
		{42F06A53-B72A-4A97-A3FE-872A9468ABA1} = {825D0503-337A-4B47-8591-A06414CF921B}
		{B1FBBB3A-4167-4C37-B016-AF076E6BF992} = {4AFF5615-864F-4DFF-8EDA-EFE722FE338D}
		{D4763B48-3DB7-41B3-8442-BE25005F5FE0} = {B1FBBB3A-4167-4C37-B016-AF076E6BF992}
		{2CC16706-E768-4AC0-8EE8-9A0655F522E9} = {D4763B48-3DB7-41B3-8442-BE25005F5FE0}
		{69A0BC43-12E4-4B6A-A7CD-CCB6FFFE42B7} = {4AFF5615-864F-4DFF-8EDA-EFE722FE338D}
		{32FD5C56-32E9-4A55-975B-6CDB562CA0DC} = {69A0BC43-12E4-4B6A-A7CD-CCB6FFFE42B7}
		{66BEA0ED-E80A-40B8-A369-D28ADCA158A9} = {32FD5C56-32E9-4A55-975B-6CDB562CA0DC}
		{B562BB34-9305-470F-AAE7-857EED9C7AA6} = {32FD5C56-32E9-4A55-975B-6CDB562CA0DC}
	EndGlobalSection
	GlobalSection(ExtensibilityGlobals) = postSolution
		SolutionGuid = {FAC83D10-8D57-4818-9264-2747A93365A8}
	EndGlobalSection
EndGlobal
